github.com/ysmood/gop v0.2.0 h1:+tFrG0TWPxT6p9ZaZs+VY+opCvHU8/3Fk6BaNv6kqKg=
github.com/ysmood/gop v0.2.0/go.mod h1:rr5z2z27oGEbyB787hpEcx4ab8cCiPnKxn0SUHt6xzk=
github.com/ysmood/got v0.37.2 h1:FiQTSN7vqxpl7IcWM6fLX0f87tOvLC65VKxCKVUvuuk=
github.com/ysmood/got v0.37.2/go.mod h1:dkEyTWZWvj5OJxtJdNlK2xme1EitYf8GOePYS6XQQBg=
